{
  "name": "testcase2",
  "version": "1.0.0",
  "lockfileVersion": 2,
  "requires": true,
  "packages": {
    "": {
      "name": "testcase2",
      "version": "1.0.0",
      "license": "ISC",
      "dependencies": {
        "test": "file:../pkg1"
      }
    },
    "../pkg1": {
      "name": "test",
      "version": "1.0.0",
      "license": "ISC"
    },
    "node_modules/test": {
      "resolved": "../pkg1",
      "link": true
    }
  },
  "dependencies": {
    "test": {
      "version": "file:../pkg1"
    }
  }
}
